
Microsoft Visual Studio Solution File, Format Version 12.00
# Visual Studio 15
VisualStudioVersion = 15.0.28307.572
MinimumVisualStudioVersion = 10.0.40219.1
Project("{FAE04EC0-301F-11D3-BF4B-00C04F79EFBC}") = "YeetPost2", "YeetPost2\YeetPost2.csproj", "{9F0C30EC-0028-4165-B4D5-CB310F00A71E}"
EndProject
Global
	GlobalSection(SolutionConfigurationPlatforms) = preSolution
		Debug|Any CPU = Debug|Any CPU
		Release|Any CPU = Release|Any CPU
	EndGlobalSection
	GlobalSection(ProjectConfigurationPlatforms) = postSolution
		{9F0C30EC-0028-4165-B4D5-CB310F00A71E}.Debug|Any CPU.ActiveCfg = Debug|Any CPU
		{9F0C30EC-0028-4165-B4D5-CB310F00A71E}.Debug|Any CPU.Build.0 = Debug|Any CPU
		{9F0C30EC-0028-4165-B4D5-CB310F00A71E}.Release|Any CPU.ActiveCfg = Release|Any CPU
		{9F0C30EC-0028-4165-B4D5-CB310F00A71E}.Release|Any CPU.Build.0 = Release|Any CPU
	EndGlobalSection
	GlobalSection(SolutionProperties) = preSolution
		HideSolutionNode = FALSE
	EndGlobalSection
	GlobalSection(ExtensibilityGlobals) = postSolution
		SolutionGuid = {0445698B-07FD-463A-A033-BFD43423C026}
	EndGlobalSection
EndGlobal
