
Microsoft Visual Studio Solution File, Format Version 12.00
# Visual Studio 15
VisualStudioVersion = 15.0.28307.572
MinimumVisualStudioVersion = 10.0.40219.1
Project("{FAE04EC0-301F-11D3-BF4B-00C04F79EFBC}") = "YeetPost", "YeetPost\YeetPost.csproj", "{B85EFAAE-08E2-4684-81F3-4CE511D607B1}"
EndProject
Global
	GlobalSection(SolutionConfigurationPlatforms) = preSolution
		Debug|Any CPU = Debug|Any CPU
		Release|Any CPU = Release|Any CPU
	EndGlobalSection
	GlobalSection(ProjectConfigurationPlatforms) = postSolution
		{B85EFAAE-08E2-4684-81F3-4CE511D607B1}.Debug|Any CPU.ActiveCfg = Debug|Any CPU
		{B85EFAAE-08E2-4684-81F3-4CE511D607B1}.Debug|Any CPU.Build.0 = Debug|Any CPU
		{B85EFAAE-08E2-4684-81F3-4CE511D607B1}.Release|Any CPU.ActiveCfg = Release|Any CPU
		{B85EFAAE-08E2-4684-81F3-4CE511D607B1}.Release|Any CPU.Build.0 = Release|Any CPU
	EndGlobalSection
	GlobalSection(SolutionProperties) = preSolution
		HideSolutionNode = FALSE
	EndGlobalSection
	GlobalSection(ExtensibilityGlobals) = postSolution
		SolutionGuid = {351274D6-0FBE-40E4-A644-7F25CA2302A6}
	EndGlobalSection
EndGlobal
