
Microsoft Visual Studio Solution File, Format Version 12.00
# Visual Studio 15
VisualStudioVersion = 15.0.28307.572
MinimumVisualStudioVersion = 10.0.40219.1
Project("{9A19103F-16F7-4668-BE54-9A1E7A4F7556}") = "YeetPost2", "YeetPost2.csproj", "{E724B3E7-F9F7-46CC-B2EB-B9E0E4B508FE}"
EndProject
Global
	GlobalSection(SolutionConfigurationPlatforms) = preSolution
		Debug|Any CPU = Debug|Any CPU
		Release|Any CPU = Release|Any CPU
	EndGlobalSection
	GlobalSection(ProjectConfigurationPlatforms) = postSolution
		{E724B3E7-F9F7-46CC-B2EB-B9E0E4B508FE}.Debug|Any CPU.ActiveCfg = Debug|Any CPU
		{E724B3E7-F9F7-46CC-B2EB-B9E0E4B508FE}.Debug|Any CPU.Build.0 = Debug|Any CPU
		{E724B3E7-F9F7-46CC-B2EB-B9E0E4B508FE}.Release|Any CPU.ActiveCfg = Release|Any CPU
		{E724B3E7-F9F7-46CC-B2EB-B9E0E4B508FE}.Release|Any CPU.Build.0 = Release|Any CPU
	EndGlobalSection
	GlobalSection(SolutionProperties) = preSolution
		HideSolutionNode = FALSE
	EndGlobalSection
	GlobalSection(ExtensibilityGlobals) = postSolution
		SolutionGuid = {4FF977D1-BDDA-44C5-8276-64BB3EAD0B45}
	EndGlobalSection
EndGlobal
