
Microsoft Visual Studio Solution File, Format Version 12.00
# Visual Studio Version 16
VisualStudioVersion = 16.0.29709.97
MinimumVisualStudioVersion = 10.0.40219.1
Project("{FAE04EC0-301F-11D3-BF4B-00C04F79EFBC}") = "YeetPostV1_4", "YeetPostV1_4\YeetPostV1_4.csproj", "{912E3CB1-D3FF-46D1-A6D2-C72DAB939775}"
EndProject
Global
	GlobalSection(SolutionConfigurationPlatforms) = preSolution
		Debug|Any CPU = Debug|Any CPU
		Release|Any CPU = Release|Any CPU
	EndGlobalSection
	GlobalSection(ProjectConfigurationPlatforms) = postSolution
		{912E3CB1-D3FF-46D1-A6D2-C72DAB939775}.Debug|Any CPU.ActiveCfg = Debug|Any CPU
		{912E3CB1-D3FF-46D1-A6D2-C72DAB939775}.Debug|Any CPU.Build.0 = Debug|Any CPU
		{912E3CB1-D3FF-46D1-A6D2-C72DAB939775}.Release|Any CPU.ActiveCfg = Release|Any CPU
		{912E3CB1-D3FF-46D1-A6D2-C72DAB939775}.Release|Any CPU.Build.0 = Release|Any CPU
	EndGlobalSection
	GlobalSection(SolutionProperties) = preSolution
		HideSolutionNode = FALSE
	EndGlobalSection
	GlobalSection(ExtensibilityGlobals) = postSolution
		SolutionGuid = {CBF734B3-EEA3-4CAA-9BF0-2C038EE85188}
	EndGlobalSection
EndGlobal
